<Solution>
  <Project Path="src/CarReader.Application/CarReader.Application.csproj" Id="241963d8-c4aa-41d8-ab44-64fc8cb98bb2" />
  <Project Path="src/CarReader.Domain/CarReader.Domain.csproj" Id="c72dbc55-f357-4a73-8ab5-344b046fce73" />
  <Project Path="src/CarReader.Infrastructure/CarReader.Infrastructure.csproj" Id="45328b2c-f913-4562-a853-b6edcca53692" />
  <Project Path="src/CarReader.Presentation/CarReader.Presentation.csproj" />
  <Project Path="tests/CarReader.Tests/CarReader.Tests.csproj" />
</Solution>
